
Microsoft Visual Studio Solution File, Format Version 12.00
# Visual Studio Version 17
VisualStudioVersion = 17.9.34728.123
MinimumVisualStudioVersion = 10.0.40219.1
Project("{FAE04EC0-301F-11D3-BF4B-00C04F79EFBC}") = "Gasolinera", "Gasolinera\Gasolinera.csproj", "{64583564-F540-46FF-B0B6-5DF02978FC32}"
EndProject
Global
	GlobalSection(SolutionConfigurationPlatforms) = preSolution
		Debug|Any CPU = Debug|Any CPU
		Release|Any CPU = Release|Any CPU
	EndGlobalSection
	GlobalSection(ProjectConfigurationPlatforms) = postSolution
		{64583564-F540-46FF-B0B6-5DF02978FC32}.Debug|Any CPU.ActiveCfg = Debug|Any CPU
		{64583564-F540-46FF-B0B6-5DF02978FC32}.Debug|Any CPU.Build.0 = Debug|Any CPU
		{64583564-F540-46FF-B0B6-5DF02978FC32}.Release|Any CPU.ActiveCfg = Release|Any CPU
		{64583564-F540-46FF-B0B6-5DF02978FC32}.Release|Any CPU.Build.0 = Release|Any CPU
	EndGlobalSection
	GlobalSection(SolutionProperties) = preSolution
		HideSolutionNode = FALSE
	EndGlobalSection
	GlobalSection(ExtensibilityGlobals) = postSolution
		SolutionGuid = {8D69ED8F-1277-455C-B2F4-06E72948A11D}
	EndGlobalSection
EndGlobal
