
Microsoft Visual Studio Solution File, Format Version 12.00
# Visual Studio Version 17
VisualStudioVersion = 17.9.34728.123
MinimumVisualStudioVersion = 10.0.40219.1
Project("{FAE04EC0-301F-11D3-BF4B-00C04F79EFBC}") = "mat", "mat\mat.csproj", "{24CB1315-ACFB-4A9E-9425-CEB6952A011C}"
EndProject
Global
	GlobalSection(SolutionConfigurationPlatforms) = preSolution
		Debug|Any CPU = Debug|Any CPU
		Release|Any CPU = Release|Any CPU
	EndGlobalSection
	GlobalSection(ProjectConfigurationPlatforms) = postSolution
		{24CB1315-ACFB-4A9E-9425-CEB6952A011C}.Debug|Any CPU.ActiveCfg = Debug|Any CPU
		{24CB1315-ACFB-4A9E-9425-CEB6952A011C}.Debug|Any CPU.Build.0 = Debug|Any CPU
		{24CB1315-ACFB-4A9E-9425-CEB6952A011C}.Release|Any CPU.ActiveCfg = Release|Any CPU
		{24CB1315-ACFB-4A9E-9425-CEB6952A011C}.Release|Any CPU.Build.0 = Release|Any CPU
	EndGlobalSection
	GlobalSection(SolutionProperties) = preSolution
		HideSolutionNode = FALSE
	EndGlobalSection
	GlobalSection(ExtensibilityGlobals) = postSolution
		SolutionGuid = {2DB7EB31-E3D5-4161-BEA6-28A778C58E11}
	EndGlobalSection
EndGlobal
